
Microsoft Visual Studio Solution File, Format Version 12.00
# Visual Studio Version 17
VisualStudioVersion = 17.11.35219.272
MinimumVisualStudioVersion = 10.0.40219.1
Project("{FAE04EC0-301F-11D3-BF4B-00C04F79EFBC}") = "Hungaria-Trafik", "Hungaria-Trafik\Hungaria-Trafik.csproj", "{7D97F3BE-F0DD-44AE-BC27-F6EAF684AA71}"
EndProject
Global
	GlobalSection(SolutionConfigurationPlatforms) = preSolution
		Debug|Any CPU = Debug|Any CPU
		Release|Any CPU = Release|Any CPU
	EndGlobalSection
	GlobalSection(ProjectConfigurationPlatforms) = postSolution
		{7D97F3BE-F0DD-44AE-BC27-F6EAF684AA71}.Debug|Any CPU.ActiveCfg = Debug|Any CPU
		{7D97F3BE-F0DD-44AE-BC27-F6EAF684AA71}.Debug|Any CPU.Build.0 = Debug|Any CPU
		{7D97F3BE-F0DD-44AE-BC27-F6EAF684AA71}.Release|Any CPU.ActiveCfg = Release|Any CPU
		{7D97F3BE-F0DD-44AE-BC27-F6EAF684AA71}.Release|Any CPU.Build.0 = Release|Any CPU
	EndGlobalSection
	GlobalSection(SolutionProperties) = preSolution
		HideSolutionNode = FALSE
	EndGlobalSection
	GlobalSection(ExtensibilityGlobals) = postSolution
		SolutionGuid = {1BA72323-AE78-4479-BFF6-377B2B0AA31E}
	EndGlobalSection
EndGlobal
